<?xml version="1.0" encoding="utf-8"?>
<Project ToolsVersion="14.0" xmlns="http://schemas.microsoft.com/developer/msbuild/2003">
  <ItemGroup>
    <Filter Include="zsLib">
      <UniqueIdentifier>{55690e37-9c7e-41be-ac8a-abec075b0230}</UniqueIdentifier>
    </Filter>
    <Filter Include="zsLib\cpp">
      <UniqueIdentifier>{8618ca8c-b06a-4ffa-9974-396caabc9f65}</UniqueIdentifier>
    </Filter>
    <Filter Include="zsLib\internal">
      <UniqueIdentifier>{ee6a50cf-5436-49e1-aa91-bfb67fa74494}</UniqueIdentifier>
    </Filter>
    <Filter Include="zsLib\extras">
      <UniqueIdentifier>{1a60c739-a1bc-41b1-8b98-0b222f0b12a7}</UniqueIdentifier>
    </Filter>
    <Filter Include="zsLib\extras\uuid">
      <UniqueIdentifier>{1ef6b75a-17c8-40d9-8ba1-8c642e94fe77}</UniqueIdentifier>
    </Filter>
    <Filter Include="zsLib\extras\win32">
      <UniqueIdentifier>{0d3d826d-f23e-432a-9095-cecbcdfe638e}</UniqueIdentifier>
    </Filter>
    <Filter Include="zsLib\eventing">
      <UniqueIdentifier>{7f4af039-822d-4b26-b5b6-84bcf8b0ff20}</UniqueIdentifier>
    </Filter>
    <Filter Include="zsLib\eventing\internal">
      <UniqueIdentifier>{d02bffd1-1eec-4985-a931-5299daff94d7}</UniqueIdentifier>
    </Filter>
    <Filter Include="zsLib\idl">
      <UniqueIdentifier>{658d6109-d61c-4b11-87f2-b8fe31123a60}</UniqueIdentifier>
    </Filter>
  </ItemGroup>
  <ItemGroup>
    <ClInclude Include="..\..\..\zsLib\Exception.h">
      <Filter>zsLib</Filter>
    </ClInclude>
    <ClInclude Include="..\..\..\zsLib\helpers.h">
      <Filter>zsLib</Filter>
    </ClInclude>
    <ClInclude Include="..\..\..\zsLib\IPAddress.h">
      <Filter>zsLib</Filter>
    </ClInclude>
    <ClInclude Include="..\..\..\zsLib\Log.h">
      <Filter>zsLib</Filter>
    </ClInclude>
    <ClInclude Include="..\..\..\zsLib\MessageQueueAssociator.h">
      <Filter>zsLib</Filter>
    </ClInclude>
    <ClInclude Include="..\..\..\zsLib\Numeric.h">
      <Filter>zsLib</Filter>
    </ClInclude>
    <ClInclude Include="..\..\..\zsLib\Promise.h">
      <Filter>zsLib</Filter>
    </ClInclude>
    <ClInclude Include="..\..\..\zsLib\Proxy.h">
      <Filter>zsLib</Filter>
    </ClInclude>
    <ClInclude Include="..\..\..\zsLib\ProxySubscriptions.h">
      <Filter>zsLib</Filter>
    </ClInclude>
    <ClInclude Include="..\..\..\zsLib\SafeInt.h">
      <Filter>zsLib</Filter>
    </ClInclude>
    <ClInclude Include="..\..\..\zsLib\Singleton.h">
      <Filter>zsLib</Filter>
    </ClInclude>
    <ClInclude Include="..\..\..\zsLib\Socket.h">
      <Filter>zsLib</Filter>
    </ClInclude>
    <ClInclude Include="..\..\..\zsLib\String.h">
      <Filter>zsLib</Filter>
    </ClInclude>
    <ClInclude Include="..\..\..\zsLib\Stringize.h">
      <Filter>zsLib</Filter>
    </ClInclude>
    <ClInclude Include="..\..\..\zsLib\TearAway.h">
      <Filter>zsLib</Filter>
    </ClInclude>
    <ClInclude Include="..\..\..\zsLib\types.h">
      <Filter>zsLib</Filter>
    </ClInclude>
    <ClInclude Include="..\..\..\zsLib\WeightedMovingAverage.h">
      <Filter>zsLib</Filter>
    </ClInclude>
    <ClInclude Include="..\..\..\zsLib\XML.h">
      <Filter>zsLib</Filter>
    </ClInclude>
    <ClInclude Include="..\..\..\zsLib\zsLib.h">
      <Filter>zsLib</Filter>
    </ClInclude>
    <ClInclude Include="..\..\..\zsLib\date.h">
      <Filter>zsLib</Filter>
    </ClInclude>
    <ClInclude Include="..\..\..\zsLib\Event.h">
      <Filter>zsLib</Filter>
    </ClInclude>
    <ClInclude Include="..\..\..\zsLib\internal\zsLib_Exception.h">
      <Filter>zsLib\internal</Filter>
    </ClInclude>
    <ClInclude Include="..\..\..\zsLib\internal\zsLib_IPAddress.h">
      <Filter>zsLib\internal</Filter>
    </ClInclude>
    <ClInclude Include="..\..\..\zsLib\internal\zsLib_Log.h">
      <Filter>zsLib\internal</Filter>
    </ClInclude>
    <ClInclude Include="..\..\..\zsLib\internal\zsLib_MessageQueue.h">
      <Filter>zsLib\internal</Filter>
    </ClInclude>
    <ClInclude Include="..\..\..\zsLib\internal\zsLib_MessageQueueThread.h">
      <Filter>zsLib\internal</Filter>
    </ClInclude>
    <ClInclude Include="..\..\..\zsLib\internal\zsLib_MessageQueueThreadBasic.h">
      <Filter>zsLib\internal</Filter>
    </ClInclude>
    <ClInclude Include="..\..\..\zsLib\internal\zsLib_MessageQueueThreadPool.h">
      <Filter>zsLib\internal</Filter>
    </ClInclude>
    <ClInclude Include="..\..\..\zsLib\internal\zsLib_MessageQueueThreadUsingBlackberryChannels.h">
      <Filter>zsLib\internal</Filter>
    </ClInclude>
    <ClInclude Include="..\..\..\zsLib\internal\zsLib_MessageQueueThreadUsingCurrentGUIMessageQueueForWindows.h">
      <Filter>zsLib\internal</Filter>
    </ClInclude>
    <ClInclude Include="..\..\..\zsLib\internal\zsLib_MessageQueueThreadUsingCurrentGUIMessageQueueForWinRT.h">
      <Filter>zsLib\internal</Filter>
    </ClInclude>
    <ClInclude Include="..\..\..\zsLib\internal\zsLib_MessageQueueThreadUsingMainThreadMessageQueueForApple.h">
      <Filter>zsLib\internal</Filter>
    </ClInclude>
    <ClInclude Include="..\..\..\zsLib\internal\zsLib_Numeric.h">
      <Filter>zsLib\internal</Filter>
    </ClInclude>
    <ClInclude Include="..\..\..\zsLib\internal\zsLib_Promise.h">
      <Filter>zsLib\internal</Filter>
    </ClInclude>
    <ClInclude Include="..\..\..\zsLib\internal\zsLib_Proxy.h">
      <Filter>zsLib\internal</Filter>
    </ClInclude>
    <ClInclude Include="..\..\..\zsLib\internal\zsLib_ProxyPack.h">
      <Filter>zsLib\internal</Filter>
    </ClInclude>
    <ClInclude Include="..\..\..\zsLib\internal\zsLib_ProxySubscriptions.h">
      <Filter>zsLib\internal</Filter>
    </ClInclude>
    <ClInclude Include="..\..\..\zsLib\internal\zsLib_Singleton.h">
      <Filter>zsLib\internal</Filter>
    </ClInclude>
    <ClInclude Include="..\..\..\zsLib\internal\zsLib_Socket.h">
      <Filter>zsLib\internal</Filter>
    </ClInclude>
    <ClInclude Include="..\..\..\zsLib\internal\zsLib_SocketMonitor.h">
      <Filter>zsLib\internal</Filter>
    </ClInclude>
    <ClInclude Include="..\..\..\zsLib\internal\zsLib_Stringize.h">
      <Filter>zsLib\internal</Filter>
    </ClInclude>
    <ClInclude Include="..\..\..\zsLib\internal\zsLib_TearAway.h">
      <Filter>zsLib\internal</Filter>
    </ClInclude>
    <ClInclude Include="..\..\..\zsLib\internal\zsLib_Timer.h">
      <Filter>zsLib\internal</Filter>
    </ClInclude>
    <ClInclude Include="..\..\..\zsLib\internal\zsLib_TimerMonitor.h">
      <Filter>zsLib\internal</Filter>
    </ClInclude>
    <ClInclude Include="..\..\..\zsLib\internal\zsLib_XML.h">
      <Filter>zsLib\internal</Filter>
    </ClInclude>
    <ClInclude Include="..\..\..\zsLib\internal\platform.h">
      <Filter>zsLib\internal</Filter>
    </ClInclude>
    <ClInclude Include="..\..\..\zsLib\internal\types.h">
      <Filter>zsLib\internal</Filter>
    </ClInclude>
    <ClInclude Include="..\..\..\zsLib\internal\zsLib_Event.h">
      <Filter>zsLib\internal</Filter>
    </ClInclude>
    <ClInclude Include="..\..\..\zsLib\extras\uuid\config.h">
      <Filter>zsLib\extras\uuid</Filter>
    </ClInclude>
    <ClInclude Include="..\..\..\zsLib\extras\uuid\uuid.h">
      <Filter>zsLib\extras\uuid</Filter>
    </ClInclude>
    <ClInclude Include="..\..\..\zsLib\extras\uuid\uuid_types.h">
      <Filter>zsLib\extras\uuid</Filter>
    </ClInclude>
    <ClInclude Include="..\..\..\zsLib\extras\uuid\uuidd.h">
      <Filter>zsLib\extras\uuid</Filter>
    </ClInclude>
    <ClInclude Include="..\..\..\zsLib\extras\uuid\uuidP.h">
      <Filter>zsLib\extras\uuid</Filter>
    </ClInclude>
    <ClInclude Include="..\..\..\zsLib\internal\zsLib.events.h">
      <Filter>zsLib\internal</Filter>
    </ClInclude>
    <ClInclude Include="..\..\..\zsLib\internal\zsLib.events_win.h">
      <Filter>zsLib\internal</Filter>
    </ClInclude>
    <ClInclude Include="..\..\..\zsLib\eventing\noop.h">
      <Filter>zsLib\eventing</Filter>
    </ClInclude>
    <ClInclude Include="..\..\..\zsLib\eventing\Log.h">
      <Filter>zsLib\eventing</Filter>
    </ClInclude>
    <ClInclude Include="..\..\..\zsLib\eventing\internal\zsLib_eventing_Log.h">
      <Filter>zsLib\eventing\internal</Filter>
    </ClInclude>
    <ClInclude Include="..\..\..\zsLib\IMessageQueue.h">
      <Filter>zsLib</Filter>
    </ClInclude>
    <ClInclude Include="..\..\..\zsLib\IMessageQueueThread.h">
      <Filter>zsLib</Filter>
    </ClInclude>
    <ClInclude Include="..\..\..\zsLib\IMessageQueueThreadPool.h">
      <Filter>zsLib</Filter>
    </ClInclude>
    <ClInclude Include="..\..\..\zsLib\IWakeDelegate.h">
      <Filter>zsLib</Filter>
    </ClInclude>
    <ClInclude Include="..\..\..\zsLib\ITimer.h">
      <Filter>zsLib</Filter>
    </ClInclude>
    <ClInclude Include="..\..\..\zsLib\internal\zsLib_MessageQueueManager.h">
      <Filter>zsLib\internal</Filter>
    </ClInclude>
    <ClInclude Include="..\..\..\zsLib\internal\zsLib_Settings.h">
      <Filter>zsLib\internal</Filter>
    </ClInclude>
    <ClInclude Include="..\..\..\zsLib\internal\zsLib_Helper.h">
      <Filter>zsLib\internal</Filter>
    </ClInclude>
    <ClInclude Include="..\..\..\zsLib\IHelper.h">
      <Filter>zsLib</Filter>
    </ClInclude>
    <ClInclude Include="..\..\..\zsLib\IFactory.h">
      <Filter>zsLib</Filter>
    </ClInclude>
    <ClInclude Include="..\..\..\zsLib\IMessageQueueManager.h">
      <Filter>zsLib</Filter>
    </ClInclude>
    <ClInclude Include="..\..\..\zsLib\ISettings.h">
      <Filter>zsLib</Filter>
    </ClInclude>
    <ClInclude Include="..\..\..\zsLib\eventing\EventTypes.h">
      <Filter>zsLib\eventing</Filter>
    </ClInclude>
    <ClInclude Include="..\..\..\zsLib\eventing\internal\zsLib_eventing_EventTypes.h">
      <Filter>zsLib\eventing\internal</Filter>
    </ClInclude>
  </ItemGroup>
  <ItemGroup>
    <ClCompile Include="..\..\..\zsLib\cpp\zsLib_MessageQueueThreadUsingBlackberryChannels.cpp">
      <Filter>zsLib\cpp</Filter>
    </ClCompile>
    <ClCompile Include="..\..\..\zsLib\cpp\zsLib_MessageQueueThreadUsingCurrentGUIMessageQueueForWindows.cpp">
      <Filter>zsLib\cpp</Filter>
    </ClCompile>
    <ClCompile Include="..\..\..\zsLib\cpp\zsLib_MessageQueueThreadUsingCurrentGUIMessageQueueForWinRT.cpp">
      <Filter>zsLib\cpp</Filter>
    </ClCompile>
    <ClCompile Include="..\..\..\zsLib\cpp\zsLib_MessageQueueThreadUsingMainThreadMessageQueueForApple.cpp">
      <Filter>zsLib\cpp</Filter>
    </ClCompile>
    <ClCompile Include="..\..\..\zsLib\cpp\zsLib_Numeric.cpp">
      <Filter>zsLib\cpp</Filter>
    </ClCompile>
    <ClCompile Include="..\..\..\zsLib\cpp\zsLib_Promise.cpp">
      <Filter>zsLib\cpp</Filter>
    </ClCompile>
    <ClCompile Include="..\..\..\zsLib\cpp\zsLib_Proxy.cpp">
      <Filter>zsLib\cpp</Filter>
    </ClCompile>
    <ClCompile Include="..\..\..\zsLib\cpp\zsLib_Singleton.cpp">
      <Filter>zsLib\cpp</Filter>
    </ClCompile>
    <ClCompile Include="..\..\..\zsLib\cpp\zsLib_Socket.cpp">
      <Filter>zsLib\cpp</Filter>
    </ClCompile>
    <ClCompile Include="..\..\..\zsLib\cpp\zsLib_SocketMonitor.cpp">
      <Filter>zsLib\cpp</Filter>
    </ClCompile>
    <ClCompile Include="..\..\..\zsLib\cpp\zsLib_String.cpp">
      <Filter>zsLib\cpp</Filter>
    </ClCompile>
    <ClCompile Include="..\..\..\zsLib\cpp\zsLib_Stringize.cpp">
      <Filter>zsLib\cpp</Filter>
    </ClCompile>
    <ClCompile Include="..\..\..\zsLib\cpp\zsLib_Timer.cpp">
      <Filter>zsLib\cpp</Filter>
    </ClCompile>
    <ClCompile Include="..\..\..\zsLib\cpp\zsLib_TimerMonitor.cpp">
      <Filter>zsLib\cpp</Filter>
    </ClCompile>
    <ClCompile Include="..\..\..\zsLib\cpp\zsLib_XML.cpp">
      <Filter>zsLib\cpp</Filter>
    </ClCompile>
    <ClCompile Include="..\..\..\zsLib\cpp\zsLib_XMLAttribute.cpp">
      <Filter>zsLib\cpp</Filter>
    </ClCompile>
    <ClCompile Include="..\..\..\zsLib\cpp\zsLib_XMLComment.cpp">
      <Filter>zsLib\cpp</Filter>
    </ClCompile>
    <ClCompile Include="..\..\..\zsLib\cpp\zsLib_XMLDeclaration.cpp">
      <Filter>zsLib\cpp</Filter>
    </ClCompile>
    <ClCompile Include="..\..\..\zsLib\cpp\zsLib_XMLDocument.cpp">
      <Filter>zsLib\cpp</Filter>
    </ClCompile>
    <ClCompile Include="..\..\..\zsLib\cpp\zsLib_XMLElement.cpp">
      <Filter>zsLib\cpp</Filter>
    </ClCompile>
    <ClCompile Include="..\..\..\zsLib\cpp\zsLib_XMLGenerator.cpp">
      <Filter>zsLib\cpp</Filter>
    </ClCompile>
    <ClCompile Include="..\..\..\zsLib\cpp\zsLib_XMLNode.cpp">
      <Filter>zsLib\cpp</Filter>
    </ClCompile>
    <ClCompile Include="..\..\..\zsLib\cpp\zsLib_XMLParser.cpp">
      <Filter>zsLib\cpp</Filter>
    </ClCompile>
    <ClCompile Include="..\..\..\zsLib\cpp\zsLib_XMLParserPos.cpp">
      <Filter>zsLib\cpp</Filter>
    </ClCompile>
    <ClCompile Include="..\..\..\zsLib\cpp\zsLib_XMLParserWarningTypes.cpp">
      <Filter>zsLib\cpp</Filter>
    </ClCompile>
    <ClCompile Include="..\..\..\zsLib\cpp\zsLib_XMLText.cpp">
      <Filter>zsLib\cpp</Filter>
    </ClCompile>
    <ClCompile Include="..\..\..\zsLib\cpp\zsLib_XMLUnknown.cpp">
      <Filter>zsLib\cpp</Filter>
    </ClCompile>
    <ClCompile Include="..\..\..\zsLib\cpp\zsLib.cpp">
      <Filter>zsLib\cpp</Filter>
    </ClCompile>
    <ClCompile Include="..\..\..\zsLib\cpp\zsLib_Event.cpp">
      <Filter>zsLib\cpp</Filter>
    </ClCompile>
    <ClCompile Include="..\..\..\zsLib\cpp\zsLib_Exception.cpp">
      <Filter>zsLib\cpp</Filter>
    </ClCompile>
    <ClCompile Include="..\..\..\zsLib\cpp\zsLib_helpers.cpp">
      <Filter>zsLib\cpp</Filter>
    </ClCompile>
    <ClCompile Include="..\..\..\zsLib\cpp\zsLib_IPAddress.cpp">
      <Filter>zsLib\cpp</Filter>
    </ClCompile>
    <ClCompile Include="..\..\..\zsLib\cpp\zsLib_Log.cpp">
      <Filter>zsLib\cpp</Filter>
    </ClCompile>
    <ClCompile Include="..\..\..\zsLib\cpp\zsLib_MessageQueue.cpp">
      <Filter>zsLib\cpp</Filter>
    </ClCompile>
    <ClCompile Include="..\..\..\zsLib\cpp\zsLib_MessageQueueThread.cpp">
      <Filter>zsLib\cpp</Filter>
    </ClCompile>
    <ClCompile Include="..\..\..\zsLib\cpp\zsLib_MessageQueueThreadBasic.cpp">
      <Filter>zsLib\cpp</Filter>
    </ClCompile>
    <ClCompile Include="..\..\..\zsLib\cpp\zsLib_MessageQueueThreadPool.cpp">
      <Filter>zsLib\cpp</Filter>
    </ClCompile>
    <ClCompile Include="..\..\..\zsLib\extras\uuid\clear.c">
      <Filter>zsLib\extras\uuid</Filter>
    </ClCompile>
    <ClCompile Include="..\..\..\zsLib\extras\uuid\compare.c">
      <Filter>zsLib\extras\uuid</Filter>
    </ClCompile>
    <ClCompile Include="..\..\..\zsLib\extras\uuid\copy.c">
      <Filter>zsLib\extras\uuid</Filter>
    </ClCompile>
    <ClCompile Include="..\..\..\zsLib\extras\uuid\gen_uuid.c">
      <Filter>zsLib\extras\uuid</Filter>
    </ClCompile>
    <ClCompile Include="..\..\..\zsLib\extras\uuid\gen_uuid_nt.c">
      <Filter>zsLib\extras\uuid</Filter>
    </ClCompile>
    <ClCompile Include="..\..\..\zsLib\extras\uuid\isnull.c">
      <Filter>zsLib\extras\uuid</Filter>
    </ClCompile>
    <ClCompile Include="..\..\..\zsLib\extras\uuid\pack.c">
      <Filter>zsLib\extras\uuid</Filter>
    </ClCompile>
    <ClCompile Include="..\..\..\zsLib\extras\uuid\parse.c">
      <Filter>zsLib\extras\uuid</Filter>
    </ClCompile>
    <ClCompile Include="..\..\..\zsLib\extras\uuid\tst_uuid.c">
      <Filter>zsLib\extras\uuid</Filter>
    </ClCompile>
    <ClCompile Include="..\..\..\zsLib\extras\uuid\unpack.c">
      <Filter>zsLib\extras\uuid</Filter>
    </ClCompile>
    <ClCompile Include="..\..\..\zsLib\extras\uuid\unparse.c">
      <Filter>zsLib\extras\uuid</Filter>
    </ClCompile>
    <ClCompile Include="..\..\..\zsLib\extras\uuid\uuid_time.c">
      <Filter>zsLib\extras\uuid</Filter>
    </ClCompile>
    <ClCompile Include="..\..\..\zsLib\extras\win32\strptime.cpp">
      <Filter>zsLib\extras\win32</Filter>
    </ClCompile>
    <ClCompile Include="..\..\..\zsLib\cpp\zsLib_WindowsEventProviderLogger.cpp">
      <Filter>zsLib\cpp</Filter>
    </ClCompile>
    <ClCompile Include="..\..\..\zsLib\cpp\zsLib_MessageQueueManager.cpp">
      <Filter>zsLib\cpp</Filter>
    </ClCompile>
    <ClCompile Include="..\..\..\zsLib\cpp\zsLib_Settings.cpp">
      <Filter>zsLib\cpp</Filter>
    </ClCompile>
    <ClCompile Include="..\..\..\zsLib\cpp\zsLib_Helper.cpp">
      <Filter>zsLib\cpp</Filter>
    </ClCompile>
  </ItemGroup>
  <ItemGroup>
    <None Include="..\..\..\zsLib\internal\zsLib.events_win_etw.wprp">
      <Filter>zsLib\internal</Filter>
    </None>
    <None Include="..\..\..\zsLib\internal\zsLib.events.jman">
      <Filter>zsLib\internal</Filter>
    </None>
    <None Include="..\..\..\zsLib\internal\zsLib.events_win_etw.man">
      <Filter>zsLib\internal</Filter>
    </None>
    <None Include="..\..\..\zsLib\cpp\zsLib.events.json">
      <Filter>zsLib\cpp</Filter>
    </None>
    <None Include="..\..\..\zsLib\idl\config.json">
      <Filter>zsLib\idl</Filter>
    </None>
  </ItemGroup>
  <ItemGroup>
    <Midl Include="..\..\..\zsLib\idl\zsLib.idl">
      <Filter>zsLib\idl</Filter>
    </Midl>
    <Midl Include="..\..\..\zsLib\idl\std.idl">
      <Filter>zsLib\idl</Filter>
    </Midl>
  </ItemGroup>
</Project>