<?xml version="1.0" encoding="utf-8"?>
<Project ToolsVersion="14.0" xmlns="http://schemas.microsoft.com/developer/msbuild/2003">
  <ItemGroup>
    <Filter Include="Common">
      <UniqueIdentifier>087200f9-914e-48e3-a8dc-b5fa61175392</UniqueIdentifier>
    </Filter>
    <Filter Include="Assets">
      <UniqueIdentifier>dd5f4369-bb69-4219-9b7c-348021f2d775</UniqueIdentifier>
      <Extensions>bmp;fbx;gif;jpg;jpeg;tga;tiff;tif;png</Extensions>
    </Filter>
    <Filter Include="zsLibTest">
      <UniqueIdentifier>{373d090c-db65-4d1c-8b42-77ec37b969c0}</UniqueIdentifier>
    </Filter>
  </ItemGroup>
  <ItemGroup>
    <ApplicationDefinition Include="UnitTestApp.xaml" />
  </ItemGroup>
  <ItemGroup>
    <ClCompile Include="UnitTestApp.xaml.cpp" />
    <ClCompile Include="UnitTest.cpp" />
    <ClCompile Include="pch.cpp" />
    <ClCompile Include="..\..\..\zsLibTest\TestIPAddress.cpp">
      <Filter>zsLibTest</Filter>
    </ClCompile>
    <ClCompile Include="..\..\..\zsLibTest\TestNumeric.cpp">
      <Filter>zsLibTest</Filter>
    </ClCompile>
    <ClCompile Include="..\..\..\zsLibTest\TestPromise.cpp">
      <Filter>zsLibTest</Filter>
    </ClCompile>
    <ClCompile Include="..\..\..\zsLibTest\TestProxy.cpp">
      <Filter>zsLibTest</Filter>
    </ClCompile>
    <ClCompile Include="..\..\..\zsLibTest\TestProxyUsingGUIThread.cpp">
      <Filter>zsLibTest</Filter>
    </ClCompile>
    <ClCompile Include="..\..\..\zsLibTest\TestSocket.cpp">
      <Filter>zsLibTest</Filter>
    </ClCompile>
    <ClCompile Include="..\..\..\zsLibTest\TestSocketAsync.cpp">
      <Filter>zsLibTest</Filter>
    </ClCompile>
    <ClCompile Include="..\..\..\zsLibTest\TestString.cpp">
      <Filter>zsLibTest</Filter>
    </ClCompile>
    <ClCompile Include="..\..\..\zsLibTest\TestStringize.cpp">
      <Filter>zsLibTest</Filter>
    </ClCompile>
    <ClCompile Include="..\..\..\zsLibTest\TestTearAway.cpp">
      <Filter>zsLibTest</Filter>
    </ClCompile>
    <ClCompile Include="..\..\..\zsLibTest\TestTimer.cpp">
      <Filter>zsLibTest</Filter>
    </ClCompile>
    <ClCompile Include="..\..\..\zsLibTest\TestXML.cpp">
      <Filter>zsLibTest</Filter>
    </ClCompile>
    <ClCompile Include="..\..\..\zsLibTest\main.cpp">
      <Filter>zsLibTest</Filter>
    </ClCompile>
    <ClCompile Include="..\..\..\zsLibTest\TestHelper.cpp">
      <Filter>zsLibTest</Filter>
    </ClCompile>
    <ClCompile Include="..\..\..\zsLibTest\testing.cpp">
      <Filter>zsLibTest</Filter>
    </ClCompile>
    <ClCompile Include="..\..\..\zsLibTest\TestRange.cpp">
      <Filter>zsLibTest</Filter>
    </ClCompile>
  </ItemGroup>
  <ItemGroup>
    <ClInclude Include="pch.h" />
    <ClInclude Include="UnitTestApp.xaml.h" />
    <ClInclude Include="..\..\..\zsLibTest\testing.h">
      <Filter>zsLibTest</Filter>
    </ClInclude>
    <ClInclude Include="..\..\..\zsLibTest\main.h">
      <Filter>zsLibTest</Filter>
    </ClInclude>
  </ItemGroup>
  <ItemGroup>
    <Xml Include="UnitTestApp.rd.xml" />
  </ItemGroup>
  <ItemGroup>
    <Image Include="Assets\LockScreenLogo.scale-200.png">
      <Filter>Assets</Filter>
    </Image>
    <Image Include="Assets\SplashScreen.scale-200.png">
      <Filter>Assets</Filter>
    </Image>
    <Image Include="Assets\Square44x44Logo.scale-200.png">
      <Filter>Assets</Filter>
    </Image>
    <Image Include="Assets\Square44x44Logo.targetsize-24_altform-unplated.png">
      <Filter>Assets</Filter>
    </Image>
    <Image Include="Assets\Square150x150Logo.scale-200.png">
      <Filter>Assets</Filter>
    </Image>
    <Image Include="Assets\StoreLogo.png">
      <Filter>Assets</Filter>
    </Image>
    <Image Include="Assets\Wide310x150Logo.scale-200.png">
      <Filter>Assets</Filter>
    </Image>
  </ItemGroup>
  <ItemGroup>
    <AppxManifest Include="Package.appxmanifest" />
  </ItemGroup>
  <ItemGroup>
    <None Include="zsLib.Test_TemporaryKey.pfx" />
  </ItemGroup>
</Project>