
Microsoft Visual Studio Solution File, Format Version 12.00
# Visual Studio 14
VisualStudioVersion = 14.0.25420.1
MinimumVisualStudioVersion = 10.0.40219.1
Project("{8BC9CEB8-8B4A-11D0-8D11-00A0C91BC942}") = "zsLib", "zsLib.Universal\zsLib.vcxproj", "{55555C53-504F-4237-ABC0-B2F59558A0E9}"
EndProject
Project("{8BC9CEB8-8B4A-11D0-8D11-00A0C91BC942}") = "zsLib.Test", "zsLib.Test.Universal\zsLib.Test.vcxproj", "{087200F9-914E-48E3-A8DC-B5FA61175392}"
	ProjectSection(ProjectDependencies) = postProject
		{55555C53-504F-4237-ABC0-B2F59558A0E9} = {55555C53-504F-4237-ABC0-B2F59558A0E9}
	EndProjectSection
EndProject
Project("{2150E333-8FDC-42A3-9474-1A3956D46DE8}") = "Universal", "Universal", "{2286FD38-18ED-46D9-8AED-06DC3C5D5E53}"
EndProject
Project("{2150E333-8FDC-42A3-9474-1A3956D46DE8}") = "Win32", "Win32", "{096F6A1F-E80B-45B9-BE36-684ADF568F7A}"
EndProject
Project("{8BC9CEB8-8B4A-11D0-8D11-00A0C91BC942}") = "zsLib", "zsLib.Win32\zsLib.vcxproj", "{80306FBE-B1DF-4741-AE97-9BE65C8C4CAE}"
EndProject
Project("{8BC9CEB8-8B4A-11D0-8D11-00A0C91BC942}") = "zsLib.Test", "zsLib.Test.Win32\zsLib.Test.vcxproj", "{FE05FD1B-97E8-4F44-B18F-D1C4F414BC91}"
EndProject
Global
	GlobalSection(SolutionConfigurationPlatforms) = preSolution
		Debug|ARM = Debug|ARM
		Debug|x64 = Debug|x64
		Debug|x86 = Debug|x86
		Release|ARM = Release|ARM
		Release|x64 = Release|x64
		Release|x86 = Release|x86
	EndGlobalSection
	GlobalSection(ProjectConfigurationPlatforms) = postSolution
		{55555C53-504F-4237-ABC0-B2F59558A0E9}.Debug|ARM.ActiveCfg = Debug|ARM
		{55555C53-504F-4237-ABC0-B2F59558A0E9}.Debug|ARM.Build.0 = Debug|ARM
		{55555C53-504F-4237-ABC0-B2F59558A0E9}.Debug|x64.ActiveCfg = Debug|x64
		{55555C53-504F-4237-ABC0-B2F59558A0E9}.Debug|x64.Build.0 = Debug|x64
		{55555C53-504F-4237-ABC0-B2F59558A0E9}.Debug|x86.ActiveCfg = Debug|Win32
		{55555C53-504F-4237-ABC0-B2F59558A0E9}.Debug|x86.Build.0 = Debug|Win32
		{55555C53-504F-4237-ABC0-B2F59558A0E9}.Release|ARM.ActiveCfg = Release|ARM
		{55555C53-504F-4237-ABC0-B2F59558A0E9}.Release|ARM.Build.0 = Release|ARM
		{55555C53-504F-4237-ABC0-B2F59558A0E9}.Release|x64.ActiveCfg = Release|x64
		{55555C53-504F-4237-ABC0-B2F59558A0E9}.Release|x64.Build.0 = Release|x64
		{55555C53-504F-4237-ABC0-B2F59558A0E9}.Release|x86.ActiveCfg = Release|Win32
		{55555C53-504F-4237-ABC0-B2F59558A0E9}.Release|x86.Build.0 = Release|Win32
		{087200F9-914E-48E3-A8DC-B5FA61175392}.Debug|ARM.ActiveCfg = Debug|ARM
		{087200F9-914E-48E3-A8DC-B5FA61175392}.Debug|ARM.Build.0 = Debug|ARM
		{087200F9-914E-48E3-A8DC-B5FA61175392}.Debug|ARM.Deploy.0 = Debug|ARM
		{087200F9-914E-48E3-A8DC-B5FA61175392}.Debug|x64.ActiveCfg = Debug|x64
		{087200F9-914E-48E3-A8DC-B5FA61175392}.Debug|x64.Build.0 = Debug|x64
		{087200F9-914E-48E3-A8DC-B5FA61175392}.Debug|x64.Deploy.0 = Debug|x64
		{087200F9-914E-48E3-A8DC-B5FA61175392}.Debug|x86.ActiveCfg = Debug|Win32
		{087200F9-914E-48E3-A8DC-B5FA61175392}.Debug|x86.Build.0 = Debug|Win32
		{087200F9-914E-48E3-A8DC-B5FA61175392}.Debug|x86.Deploy.0 = Debug|Win32
		{087200F9-914E-48E3-A8DC-B5FA61175392}.Release|ARM.ActiveCfg = Release|ARM
		{087200F9-914E-48E3-A8DC-B5FA61175392}.Release|ARM.Build.0 = Release|ARM
		{087200F9-914E-48E3-A8DC-B5FA61175392}.Release|ARM.Deploy.0 = Release|ARM
		{087200F9-914E-48E3-A8DC-B5FA61175392}.Release|x64.ActiveCfg = Release|x64
		{087200F9-914E-48E3-A8DC-B5FA61175392}.Release|x64.Build.0 = Release|x64
		{087200F9-914E-48E3-A8DC-B5FA61175392}.Release|x64.Deploy.0 = Release|x64
		{087200F9-914E-48E3-A8DC-B5FA61175392}.Release|x86.ActiveCfg = Release|Win32
		{087200F9-914E-48E3-A8DC-B5FA61175392}.Release|x86.Build.0 = Release|Win32
		{087200F9-914E-48E3-A8DC-B5FA61175392}.Release|x86.Deploy.0 = Release|Win32
		{80306FBE-B1DF-4741-AE97-9BE65C8C4CAE}.Debug|ARM.ActiveCfg = Debug|Win32
		{80306FBE-B1DF-4741-AE97-9BE65C8C4CAE}.Debug|x64.ActiveCfg = Debug|x64
		{80306FBE-B1DF-4741-AE97-9BE65C8C4CAE}.Debug|x64.Build.0 = Debug|x64
		{80306FBE-B1DF-4741-AE97-9BE65C8C4CAE}.Debug|x86.ActiveCfg = Debug|Win32
		{80306FBE-B1DF-4741-AE97-9BE65C8C4CAE}.Debug|x86.Build.0 = Debug|Win32
		{80306FBE-B1DF-4741-AE97-9BE65C8C4CAE}.Release|ARM.ActiveCfg = Release|Win32
		{80306FBE-B1DF-4741-AE97-9BE65C8C4CAE}.Release|x64.ActiveCfg = Release|x64
		{80306FBE-B1DF-4741-AE97-9BE65C8C4CAE}.Release|x64.Build.0 = Release|x64
		{80306FBE-B1DF-4741-AE97-9BE65C8C4CAE}.Release|x86.ActiveCfg = Release|Win32
		{80306FBE-B1DF-4741-AE97-9BE65C8C4CAE}.Release|x86.Build.0 = Release|Win32
		{FE05FD1B-97E8-4F44-B18F-D1C4F414BC91}.Debug|ARM.ActiveCfg = Debug|Win32
		{FE05FD1B-97E8-4F44-B18F-D1C4F414BC91}.Debug|x64.ActiveCfg = Debug|x64
		{FE05FD1B-97E8-4F44-B18F-D1C4F414BC91}.Debug|x64.Build.0 = Debug|x64
		{FE05FD1B-97E8-4F44-B18F-D1C4F414BC91}.Debug|x86.ActiveCfg = Debug|Win32
		{FE05FD1B-97E8-4F44-B18F-D1C4F414BC91}.Debug|x86.Build.0 = Debug|Win32
		{FE05FD1B-97E8-4F44-B18F-D1C4F414BC91}.Release|ARM.ActiveCfg = Release|Win32
		{FE05FD1B-97E8-4F44-B18F-D1C4F414BC91}.Release|x64.ActiveCfg = Release|x64
		{FE05FD1B-97E8-4F44-B18F-D1C4F414BC91}.Release|x64.Build.0 = Release|x64
		{FE05FD1B-97E8-4F44-B18F-D1C4F414BC91}.Release|x86.ActiveCfg = Release|Win32
		{FE05FD1B-97E8-4F44-B18F-D1C4F414BC91}.Release|x86.Build.0 = Release|Win32
	EndGlobalSection
	GlobalSection(SolutionProperties) = preSolution
		HideSolutionNode = FALSE
	EndGlobalSection
	GlobalSection(NestedProjects) = preSolution
		{55555C53-504F-4237-ABC0-B2F59558A0E9} = {2286FD38-18ED-46D9-8AED-06DC3C5D5E53}
		{087200F9-914E-48E3-A8DC-B5FA61175392} = {2286FD38-18ED-46D9-8AED-06DC3C5D5E53}
		{80306FBE-B1DF-4741-AE97-9BE65C8C4CAE} = {096F6A1F-E80B-45B9-BE36-684ADF568F7A}
		{FE05FD1B-97E8-4F44-B18F-D1C4F414BC91} = {096F6A1F-E80B-45B9-BE36-684ADF568F7A}
	EndGlobalSection
EndGlobal
