
Microsoft Visual Studio Solution File, Format Version 12.00
# Visual Studio 14
VisualStudioVersion = 14.0.25420.1
MinimumVisualStudioVersion = 10.0.40219.1
Project("{8BC9CEB8-8B4A-11D0-8D11-00A0C91BC942}") = "zsLib", "zsLib.Universal\zsLib.vcxproj", "{55555C53-504F-4237-ABC0-B2F59558A0E9}"
EndProject
Project("{8BC9CEB8-8B4A-11D0-8D11-00A0C91BC942}") = "zsLib.Test", "zsLib.Test.Universal\zsLib.Test.vcxproj", "{087200F9-914E-48E3-A8DC-B5FA61175392}"
	ProjectSection(ProjectDependencies) = postProject
		{55555C53-504F-4237-ABC0-B2F59558A0E9} = {55555C53-504F-4237-ABC0-B2F59558A0E9}
	EndProjectSection
EndProject
Global
	GlobalSection(SolutionConfigurationPlatforms) = preSolution
		Debug|ARM = Debug|ARM
		Debug|x64 = Debug|x64
		Debug|x86 = Debug|x86
		Release|ARM = Release|ARM
		Release|x64 = Release|x64
		Release|x86 = Release|x86
	EndGlobalSection
	GlobalSection(ProjectConfigurationPlatforms) = postSolution
		{55555C53-504F-4237-ABC0-B2F59558A0E9}.Debug|ARM.ActiveCfg = Debug|ARM
		{55555C53-504F-4237-ABC0-B2F59558A0E9}.Debug|ARM.Build.0 = Debug|ARM
		{55555C53-504F-4237-ABC0-B2F59558A0E9}.Debug|x64.ActiveCfg = Debug|x64
		{55555C53-504F-4237-ABC0-B2F59558A0E9}.Debug|x64.Build.0 = Debug|x64
		{55555C53-504F-4237-ABC0-B2F59558A0E9}.Debug|x86.ActiveCfg = Debug|Win32
		{55555C53-504F-4237-ABC0-B2F59558A0E9}.Debug|x86.Build.0 = Debug|Win32
		{55555C53-504F-4237-ABC0-B2F59558A0E9}.Release|ARM.ActiveCfg = Release|ARM
		{55555C53-504F-4237-ABC0-B2F59558A0E9}.Release|ARM.Build.0 = Release|ARM
		{55555C53-504F-4237-ABC0-B2F59558A0E9}.Release|x64.ActiveCfg = Release|x64
		{55555C53-504F-4237-ABC0-B2F59558A0E9}.Release|x64.Build.0 = Release|x64
		{55555C53-504F-4237-ABC0-B2F59558A0E9}.Release|x86.ActiveCfg = Release|Win32
		{55555C53-504F-4237-ABC0-B2F59558A0E9}.Release|x86.Build.0 = Release|Win32
		{087200F9-914E-48E3-A8DC-B5FA61175392}.Debug|ARM.ActiveCfg = Debug|ARM
		{087200F9-914E-48E3-A8DC-B5FA61175392}.Debug|ARM.Build.0 = Debug|ARM
		{087200F9-914E-48E3-A8DC-B5FA61175392}.Debug|ARM.Deploy.0 = Debug|ARM
		{087200F9-914E-48E3-A8DC-B5FA61175392}.Debug|x64.ActiveCfg = Debug|x64
		{087200F9-914E-48E3-A8DC-B5FA61175392}.Debug|x64.Build.0 = Debug|x64
		{087200F9-914E-48E3-A8DC-B5FA61175392}.Debug|x64.Deploy.0 = Debug|x64
		{087200F9-914E-48E3-A8DC-B5FA61175392}.Debug|x86.ActiveCfg = Debug|Win32
		{087200F9-914E-48E3-A8DC-B5FA61175392}.Debug|x86.Build.0 = Debug|Win32
		{087200F9-914E-48E3-A8DC-B5FA61175392}.Debug|x86.Deploy.0 = Debug|Win32
		{087200F9-914E-48E3-A8DC-B5FA61175392}.Release|ARM.ActiveCfg = Release|ARM
		{087200F9-914E-48E3-A8DC-B5FA61175392}.Release|ARM.Build.0 = Release|ARM
		{087200F9-914E-48E3-A8DC-B5FA61175392}.Release|ARM.Deploy.0 = Release|ARM
		{087200F9-914E-48E3-A8DC-B5FA61175392}.Release|x64.ActiveCfg = Release|x64
		{087200F9-914E-48E3-A8DC-B5FA61175392}.Release|x64.Build.0 = Release|x64
		{087200F9-914E-48E3-A8DC-B5FA61175392}.Release|x64.Deploy.0 = Release|x64
		{087200F9-914E-48E3-A8DC-B5FA61175392}.Release|x86.ActiveCfg = Release|Win32
		{087200F9-914E-48E3-A8DC-B5FA61175392}.Release|x86.Build.0 = Release|Win32
		{087200F9-914E-48E3-A8DC-B5FA61175392}.Release|x86.Deploy.0 = Release|Win32
	EndGlobalSection
	GlobalSection(SolutionProperties) = preSolution
		HideSolutionNode = FALSE
	EndGlobalSection
EndGlobal
