
Microsoft Visual Studio Solution File, Format Version 12.00
# Visual Studio 2013
VisualStudioVersion = 12.0.31101.0
MinimumVisualStudioVersion = 10.0.40219.1
Project("{2150E333-8FDC-42A3-9474-1A3956D46DE8}") = "zsLib_2013", "zsLib_2013", "{128B17FC-925C-436F-93C5-B4B3171BF7DA}"
EndProject
Project("{8BC9CEB8-8B4A-11D0-8D11-00A0C91BC942}") = "zsLib_2013.Shared", "zsLib_2013\zsLib_2013.Shared\zsLib_2013.Shared.vcxitems", "{3B925B0D-AD23-474C-A3F1-F7826C10DB19}"
EndProject
Project("{8BC9CEB8-8B4A-11D0-8D11-00A0C91BC942}") = "zsLib_2013.Windows", "zsLib_2013\zsLib_2013.Windows\zsLib_2013.Windows.vcxproj", "{F10913F6-63DA-48BE-9DB4-C891E73B7DD3}"
EndProject
Project("{8BC9CEB8-8B4A-11D0-8D11-00A0C91BC942}") = "zsLib_2013.WindowsPhone", "zsLib_2013\zsLib_2013.WindowsPhone\zsLib_2013.WindowsPhone.vcxproj", "{E31F370F-F970-4C93-91FA-4B695B878C1F}"
EndProject
Project("{2150E333-8FDC-42A3-9474-1A3956D46DE8}") = "zsLibTest2013_Universal", "zsLibTest2013_Universal", "{514939A2-A040-44A4-BC06-CC65EE0ED7B3}"
EndProject
Project("{8BC9CEB8-8B4A-11D0-8D11-00A0C91BC942}") = "zsLibTest2013_Universal.Shared", "zsLibTest2013_Universal\zsLibTest2013_Universal.Shared\zsLibTest2013_Universal.Shared.vcxitems", "{0EAFD8C1-DEB3-47B7-8A2F-8878B1C9C00E}"
EndProject
Project("{8BC9CEB8-8B4A-11D0-8D11-00A0C91BC942}") = "zsLibTest2013_Universal.Windows", "zsLibTest2013_Universal\zsLibTest2013_Universal.Windows\zsLibTest2013_Universal.Windows.vcxproj", "{A5CBEBD1-792C-451D-9867-F8737551DD79}"
	ProjectSection(ProjectDependencies) = postProject
		{F10913F6-63DA-48BE-9DB4-C891E73B7DD3} = {F10913F6-63DA-48BE-9DB4-C891E73B7DD3}
	EndProjectSection
EndProject
Project("{8BC9CEB8-8B4A-11D0-8D11-00A0C91BC942}") = "zsLibTest2013_Universal.WindowsPhone", "zsLibTest2013_Universal\zsLibTest2013_Universal.WindowsPhone\zsLibTest2013_Universal.WindowsPhone.vcxproj", "{FE9F6C6A-88BB-41E6-846A-AD26CCDAAACC}"
	ProjectSection(ProjectDependencies) = postProject
		{E31F370F-F970-4C93-91FA-4B695B878C1F} = {E31F370F-F970-4C93-91FA-4B695B878C1F}
	EndProjectSection
EndProject
Global
	GlobalSection(SharedMSBuildProjectFiles) = preSolution
		zsLibTest2013_Universal\zsLibTest2013_Universal.Shared\zsLibTest2013_Universal.Shared.vcxitems*{fe9f6c6a-88bb-41e6-846a-ad26ccdaaacc}*SharedItemsImports = 4
		zsLibTest2013_Universal\zsLibTest2013_Universal.Shared\zsLibTest2013_Universal.Shared.vcxitems*{a5cbebd1-792c-451d-9867-f8737551dd79}*SharedItemsImports = 4
		zsLib_2013\zsLib_2013.Shared\zsLib_2013.Shared.vcxitems*{e31f370f-f970-4c93-91fa-4b695b878c1f}*SharedItemsImports = 4
		zsLibTest2013_Universal\zsLibTest2013_Universal.Shared\zsLibTest2013_Universal.Shared.vcxitems*{0eafd8c1-deb3-47b7-8a2f-8878b1c9c00e}*SharedItemsImports = 9
		zsLib_2013\zsLib_2013.Shared\zsLib_2013.Shared.vcxitems*{f10913f6-63da-48be-9db4-c891e73b7dd3}*SharedItemsImports = 4
		zsLib_2013\zsLib_2013.Shared\zsLib_2013.Shared.vcxitems*{3b925b0d-ad23-474c-a3f1-f7826c10db19}*SharedItemsImports = 9
	EndGlobalSection
	GlobalSection(SolutionConfigurationPlatforms) = preSolution
		Debug|ARM = Debug|ARM
		Debug|Win32 = Debug|Win32
		Debug|x64 = Debug|x64
		Release|ARM = Release|ARM
		Release|Win32 = Release|Win32
		Release|x64 = Release|x64
	EndGlobalSection
	GlobalSection(ProjectConfigurationPlatforms) = postSolution
		{F10913F6-63DA-48BE-9DB4-C891E73B7DD3}.Debug|ARM.ActiveCfg = Debug|ARM
		{F10913F6-63DA-48BE-9DB4-C891E73B7DD3}.Debug|ARM.Build.0 = Debug|ARM
		{F10913F6-63DA-48BE-9DB4-C891E73B7DD3}.Debug|Win32.ActiveCfg = Debug|Win32
		{F10913F6-63DA-48BE-9DB4-C891E73B7DD3}.Debug|Win32.Build.0 = Debug|Win32
		{F10913F6-63DA-48BE-9DB4-C891E73B7DD3}.Debug|x64.ActiveCfg = Debug|x64
		{F10913F6-63DA-48BE-9DB4-C891E73B7DD3}.Debug|x64.Build.0 = Debug|x64
		{F10913F6-63DA-48BE-9DB4-C891E73B7DD3}.Release|ARM.ActiveCfg = Release|ARM
		{F10913F6-63DA-48BE-9DB4-C891E73B7DD3}.Release|ARM.Build.0 = Release|ARM
		{F10913F6-63DA-48BE-9DB4-C891E73B7DD3}.Release|Win32.ActiveCfg = Release|Win32
		{F10913F6-63DA-48BE-9DB4-C891E73B7DD3}.Release|Win32.Build.0 = Release|Win32
		{F10913F6-63DA-48BE-9DB4-C891E73B7DD3}.Release|x64.ActiveCfg = Release|x64
		{F10913F6-63DA-48BE-9DB4-C891E73B7DD3}.Release|x64.Build.0 = Release|x64
		{E31F370F-F970-4C93-91FA-4B695B878C1F}.Debug|ARM.ActiveCfg = Debug|ARM
		{E31F370F-F970-4C93-91FA-4B695B878C1F}.Debug|ARM.Build.0 = Debug|ARM
		{E31F370F-F970-4C93-91FA-4B695B878C1F}.Debug|Win32.ActiveCfg = Debug|Win32
		{E31F370F-F970-4C93-91FA-4B695B878C1F}.Debug|Win32.Build.0 = Debug|Win32
		{E31F370F-F970-4C93-91FA-4B695B878C1F}.Debug|x64.ActiveCfg = Debug|Win32
		{E31F370F-F970-4C93-91FA-4B695B878C1F}.Release|ARM.ActiveCfg = Release|ARM
		{E31F370F-F970-4C93-91FA-4B695B878C1F}.Release|ARM.Build.0 = Release|ARM
		{E31F370F-F970-4C93-91FA-4B695B878C1F}.Release|Win32.ActiveCfg = Release|Win32
		{E31F370F-F970-4C93-91FA-4B695B878C1F}.Release|Win32.Build.0 = Release|Win32
		{E31F370F-F970-4C93-91FA-4B695B878C1F}.Release|x64.ActiveCfg = Release|Win32
		{A5CBEBD1-792C-451D-9867-F8737551DD79}.Debug|ARM.ActiveCfg = Debug|ARM
		{A5CBEBD1-792C-451D-9867-F8737551DD79}.Debug|ARM.Build.0 = Debug|ARM
		{A5CBEBD1-792C-451D-9867-F8737551DD79}.Debug|ARM.Deploy.0 = Debug|ARM
		{A5CBEBD1-792C-451D-9867-F8737551DD79}.Debug|Win32.ActiveCfg = Debug|Win32
		{A5CBEBD1-792C-451D-9867-F8737551DD79}.Debug|Win32.Build.0 = Debug|Win32
		{A5CBEBD1-792C-451D-9867-F8737551DD79}.Debug|Win32.Deploy.0 = Debug|Win32
		{A5CBEBD1-792C-451D-9867-F8737551DD79}.Debug|x64.ActiveCfg = Debug|x64
		{A5CBEBD1-792C-451D-9867-F8737551DD79}.Debug|x64.Build.0 = Debug|x64
		{A5CBEBD1-792C-451D-9867-F8737551DD79}.Debug|x64.Deploy.0 = Debug|x64
		{A5CBEBD1-792C-451D-9867-F8737551DD79}.Release|ARM.ActiveCfg = Release|ARM
		{A5CBEBD1-792C-451D-9867-F8737551DD79}.Release|ARM.Build.0 = Release|ARM
		{A5CBEBD1-792C-451D-9867-F8737551DD79}.Release|ARM.Deploy.0 = Release|ARM
		{A5CBEBD1-792C-451D-9867-F8737551DD79}.Release|Win32.ActiveCfg = Release|Win32
		{A5CBEBD1-792C-451D-9867-F8737551DD79}.Release|Win32.Build.0 = Release|Win32
		{A5CBEBD1-792C-451D-9867-F8737551DD79}.Release|Win32.Deploy.0 = Release|Win32
		{A5CBEBD1-792C-451D-9867-F8737551DD79}.Release|x64.ActiveCfg = Release|x64
		{A5CBEBD1-792C-451D-9867-F8737551DD79}.Release|x64.Build.0 = Release|x64
		{A5CBEBD1-792C-451D-9867-F8737551DD79}.Release|x64.Deploy.0 = Release|x64
		{FE9F6C6A-88BB-41E6-846A-AD26CCDAAACC}.Debug|ARM.ActiveCfg = Debug|ARM
		{FE9F6C6A-88BB-41E6-846A-AD26CCDAAACC}.Debug|ARM.Build.0 = Debug|ARM
		{FE9F6C6A-88BB-41E6-846A-AD26CCDAAACC}.Debug|ARM.Deploy.0 = Debug|ARM
		{FE9F6C6A-88BB-41E6-846A-AD26CCDAAACC}.Debug|Win32.ActiveCfg = Debug|Win32
		{FE9F6C6A-88BB-41E6-846A-AD26CCDAAACC}.Debug|Win32.Build.0 = Debug|Win32
		{FE9F6C6A-88BB-41E6-846A-AD26CCDAAACC}.Debug|Win32.Deploy.0 = Debug|Win32
		{FE9F6C6A-88BB-41E6-846A-AD26CCDAAACC}.Debug|x64.ActiveCfg = Debug|Win32
		{FE9F6C6A-88BB-41E6-846A-AD26CCDAAACC}.Release|ARM.ActiveCfg = Release|ARM
		{FE9F6C6A-88BB-41E6-846A-AD26CCDAAACC}.Release|ARM.Build.0 = Release|ARM
		{FE9F6C6A-88BB-41E6-846A-AD26CCDAAACC}.Release|ARM.Deploy.0 = Release|ARM
		{FE9F6C6A-88BB-41E6-846A-AD26CCDAAACC}.Release|Win32.ActiveCfg = Release|Win32
		{FE9F6C6A-88BB-41E6-846A-AD26CCDAAACC}.Release|Win32.Build.0 = Release|Win32
		{FE9F6C6A-88BB-41E6-846A-AD26CCDAAACC}.Release|Win32.Deploy.0 = Release|Win32
		{FE9F6C6A-88BB-41E6-846A-AD26CCDAAACC}.Release|x64.ActiveCfg = Release|Win32
	EndGlobalSection
	GlobalSection(SolutionProperties) = preSolution
		HideSolutionNode = FALSE
	EndGlobalSection
	GlobalSection(NestedProjects) = preSolution
		{3B925B0D-AD23-474C-A3F1-F7826C10DB19} = {128B17FC-925C-436F-93C5-B4B3171BF7DA}
		{F10913F6-63DA-48BE-9DB4-C891E73B7DD3} = {128B17FC-925C-436F-93C5-B4B3171BF7DA}
		{E31F370F-F970-4C93-91FA-4B695B878C1F} = {128B17FC-925C-436F-93C5-B4B3171BF7DA}
		{0EAFD8C1-DEB3-47B7-8A2F-8878B1C9C00E} = {514939A2-A040-44A4-BC06-CC65EE0ED7B3}
		{A5CBEBD1-792C-451D-9867-F8737551DD79} = {514939A2-A040-44A4-BC06-CC65EE0ED7B3}
		{FE9F6C6A-88BB-41E6-846A-AD26CCDAAACC} = {514939A2-A040-44A4-BC06-CC65EE0ED7B3}
	EndGlobalSection
EndGlobal
