<?xml version="1.0" encoding="utf-8"?>
<Project ToolsVersion="4.0" xmlns="http://schemas.microsoft.com/developer/msbuild/2003">
  <ItemGroup>
    <Filter Include="zsLibTest">
      <UniqueIdentifier>{8e6a4e6f-5ef7-420c-97d8-245404dd1a14}</UniqueIdentifier>
    </Filter>
  </ItemGroup>
  <ItemGroup>
    <ClCompile Include="..\..\..\zsLibTest\main.cpp">
      <Filter>zsLibTest</Filter>
    </ClCompile>
    <ClCompile Include="..\..\..\zsLibTest\TestHelper.cpp">
      <Filter>zsLibTest</Filter>
    </ClCompile>
    <ClCompile Include="..\..\..\zsLibTest\testing.cpp">
      <Filter>zsLibTest</Filter>
    </ClCompile>
    <ClCompile Include="..\..\..\zsLibTest\TestIPAddress.cpp">
      <Filter>zsLibTest</Filter>
    </ClCompile>
    <ClCompile Include="..\..\..\zsLibTest\TestNumeric.cpp">
      <Filter>zsLibTest</Filter>
    </ClCompile>
    <ClCompile Include="..\..\..\zsLibTest\TestPromise.cpp">
      <Filter>zsLibTest</Filter>
    </ClCompile>
    <ClCompile Include="..\..\..\zsLibTest\TestProxy.cpp">
      <Filter>zsLibTest</Filter>
    </ClCompile>
    <ClCompile Include="..\..\..\zsLibTest\TestProxyUsingGUIThread.cpp">
      <Filter>zsLibTest</Filter>
    </ClCompile>
    <ClCompile Include="..\..\..\zsLibTest\TestSocket.cpp">
      <Filter>zsLibTest</Filter>
    </ClCompile>
    <ClCompile Include="..\..\..\zsLibTest\TestSocketAsync.cpp">
      <Filter>zsLibTest</Filter>
    </ClCompile>
    <ClCompile Include="..\..\..\zsLibTest\TestString.cpp">
      <Filter>zsLibTest</Filter>
    </ClCompile>
    <ClCompile Include="..\..\..\zsLibTest\TestStringize.cpp">
      <Filter>zsLibTest</Filter>
    </ClCompile>
    <ClCompile Include="..\..\..\zsLibTest\TestTearAway.cpp">
      <Filter>zsLibTest</Filter>
    </ClCompile>
    <ClCompile Include="..\..\..\zsLibTest\TestTimer.cpp">
      <Filter>zsLibTest</Filter>
    </ClCompile>
    <ClCompile Include="..\..\..\zsLibTest\TestXML.cpp">
      <Filter>zsLibTest</Filter>
    </ClCompile>
    <ClCompile Include="..\..\..\zsLibTest\TestRange.cpp">
      <Filter>zsLibTest</Filter>
    </ClCompile>
  </ItemGroup>
  <ItemGroup>
    <ClInclude Include="..\..\..\zsLibTest\main.h">
      <Filter>zsLibTest</Filter>
    </ClInclude>
    <ClInclude Include="..\..\..\zsLibTest\testing.h">
      <Filter>zsLibTest</Filter>
    </ClInclude>
  </ItemGroup>
</Project>